{
  "version": 4,
  "terraform_version": "1.3.3",
  "serial": 9,
  "lineage": "e13590b5-b570-9af8-7fa1-77ce69a15cf6",
  "outputs": {
    "IP": {
      "value": "172.17.0.2",
      "type": "string"
    },
    "container_id": {
      "value": "ed4837e0af8109d5fd188b58ce616473b6b8c0ec5ebaadaba53a4eb24d6fdd8e",
      "type": "string"
    },
    "external_port": {
      "value": 5432,
      "type": "number"
    },
    "image_id": {
      "value": "sha256:b230ee187297e78f18735b64282cb1a1d6e6ea7a27e9197511021567d0e9cf23registry.gitlab.com/alta3research/simpleflaskservice:1.0",
      "type": "string"
    },
    "internal_port": {
      "value": 9876,
      "type": "number"
    },
    "keep_locally_output": {
      "value": true,
      "type": "bool"
    }
  },
  "resources": [
    {
      "mode": "managed",
      "type": "docker_container",
      "name": "simpleflaskservice",
      "provider": "provider[\"registry.terraform.io/kreuzwerker/docker\"]",
      "instances": [
        {
          "schema_version": 2,
          "attributes": {
            "attach": false,
            "bridge": "",
            "capabilities": [],
            "command": [
              "python",
              "./simpleflaskservice.py"
            ],
            "container_logs": null,
            "container_read_refresh_timeout_milliseconds": 15000,
            "cpu_set": "",
            "cpu_shares": 0,
            "destroy_grace_seconds": null,
            "devices": [],
            "dns": null,
            "dns_opts": null,
            "dns_search": null,
            "domainname": "",
            "entrypoint": [],
            "env": [],
            "exit_code": null,
            "gateway": "172.17.0.1",
            "gpus": null,
            "group_add": null,
            "healthcheck": null,
            "host": [],
            "hostname": "ed4837e0af81",
            "id": "ed4837e0af8109d5fd188b58ce616473b6b8c0ec5ebaadaba53a4eb24d6fdd8e",
            "image": "sha256:b230ee187297e78f18735b64282cb1a1d6e6ea7a27e9197511021567d0e9cf23",
            "init": false,
            "ip_address": "172.17.0.2",
            "ip_prefix_length": 16,
            "ipc_mode": "private",
            "labels": [],
            "links": null,
            "log_driver": "json-file",
            "log_opts": null,
            "logs": false,
            "max_retry_count": 0,
            "memory": 0,
            "memory_swap": 0,
            "mounts": [],
            "must_run": true,
            "name": "AltaResearchWebService",
            "network_alias": null,
            "network_data": [
              {
                "gateway": "172.17.0.1",
                "global_ipv6_address": "",
                "global_ipv6_prefix_length": 0,
                "ip_address": "172.17.0.2",
                "ip_prefix_length": 16,
                "ipv6_gateway": "",
                "network_name": "bridge"
              }
            ],
            "network_mode": "default",
            "networks": null,
            "networks_advanced": [],
            "pid_mode": "",
            "ports": [
              {
                "external": 5432,
                "internal": 9876,
                "ip": "0.0.0.0",
                "protocol": "tcp"
              }
            ],
            "privileged": false,
            "publish_all_ports": false,
            "read_only": false,
            "remove_volumes": true,
            "restart": "no",
            "rm": false,
            "runtime": "runc",
            "security_opts": [],
            "shm_size": 64,
            "start": true,
            "stdin_open": false,
            "stop_signal": "",
            "stop_timeout": 0,
            "storage_opts": null,
            "sysctls": null,
            "tmpfs": null,
            "tty": false,
            "ulimit": [],
            "upload": [],
            "user": "",
            "userns_mode": "",
            "volumes": [],
            "working_dir": "/var/www"
          },
          "sensitive_attributes": [],
          "private": "eyJzY2hlbWFfdmVyc2lvbiI6IjIifQ==",
          "dependencies": [
            "docker_image.simpleflaskservice"
          ]
        }
      ]
    },
    {
      "mode": "managed",
      "type": "docker_image",
      "name": "simpleflaskservice",
      "provider": "provider[\"registry.terraform.io/kreuzwerker/docker\"]",
      "instances": [
        {
          "schema_version": 0,
          "attributes": {
            "build": [],
            "force_remove": null,
            "id": "sha256:b230ee187297e78f18735b64282cb1a1d6e6ea7a27e9197511021567d0e9cf23registry.gitlab.com/alta3research/simpleflaskservice:1.0",
            "image_id": "sha256:b230ee187297e78f18735b64282cb1a1d6e6ea7a27e9197511021567d0e9cf23",
            "keep_locally": true,
            "latest": "sha256:b230ee187297e78f18735b64282cb1a1d6e6ea7a27e9197511021567d0e9cf23",
            "name": "registry.gitlab.com/alta3research/simpleflaskservice:1.0",
            "output": null,
            "pull_trigger": null,
            "pull_triggers": null,
            "repo_digest": "registry.gitlab.com/alta3research/simpleflaskservice@sha256:ac9274743b86c80f0adb894d242294714f5b41934ca99bac4078884456372090",
            "triggers": null
          },
          "sensitive_attributes": [],
          "private": "bnVsbA=="
        }
      ]
    }
  ],
  "check_results": []
}
